
Microsoft Visual Studio Solution File, Format Version 12.00
# Visual Studio Version 17
VisualStudioVersion = 17.4.33213.308
MinimumVisualStudioVersion = 10.0.40219.1
Project("{FAE04EC0-301F-11D3-BF4B-00C04F79EFBC}") = "ContosoUniversity", "ContosoUniversity\ContosoUniversity.csproj", "{32D492F3-C534-43C9-B675-4060864A07F2}"
EndProject
Global
	GlobalSection(SolutionConfigurationPlatforms) = preSolution
		Debug|Any CPU = Debug|Any CPU
		Release|Any CPU = Release|Any CPU
	EndGlobalSection
	GlobalSection(ProjectConfigurationPlatforms) = postSolution
		{32D492F3-C534-43C9-B675-4060864A07F2}.Debug|Any CPU.ActiveCfg = Debug|Any CPU
		{32D492F3-C534-43C9-B675-4060864A07F2}.Debug|Any CPU.Build.0 = Debug|Any CPU
		{32D492F3-C534-43C9-B675-4060864A07F2}.Release|Any CPU.ActiveCfg = Release|Any CPU
		{32D492F3-C534-43C9-B675-4060864A07F2}.Release|Any CPU.Build.0 = Release|Any CPU
	EndGlobalSection
	GlobalSection(SolutionProperties) = preSolution
		HideSolutionNode = FALSE
	EndGlobalSection
	GlobalSection(ExtensibilityGlobals) = postSolution
		SolutionGuid = {DD84C4E2-CD4D-4E16-9162-EFA4F82707CE}
	EndGlobalSection
EndGlobal
